{
  "name": "w3schools-nodejs",
  "version": "1.0.0",
  "lockfileVersion": 1,
  "requires": true,
  "dependencies": {
    "asap": {
      "version": "2.0.6",
      "resolved": "https://registry.npmjs.org/asap/-/asap-2.0.6.tgz",
      "integrity": "sha512-BSHWgDSAiKs50o2Re8ppvp3seVHXSRM44cdSsT9FfNEUUZLOGWVCsiWaRPWM1Znn+mqZ1OfVZ3z3DWEzSp7hRA=="
    },
    "dezalgo": {
      "version": "1.0.4",
      "resolved": "https://registry.npmjs.org/dezalgo/-/dezalgo-1.0.4.tgz",
      "integrity": "sha512-rXSP0bf+5n0Qonsb+SVVfNfIsimO4HEtmnIpPHY8Q1UCzKlQrDMfdobr8nJOOsRgWCyMRqeSBQzmWUMq7zvVig==",
      "requires": {
        "asap": "^2.0.0",
        "wrappy": "1"
      }
    },
    "formidable": {
      "version": "3.5.1",
      "resolved": "https://registry.npmjs.org/formidable/-/formidable-3.5.1.tgz",
      "integrity": "sha512-WJWKelbRHN41m5dumb0/k8TeAx7Id/y3a+Z7QfhxP/htI9Js5zYaEDtG8uMgG0vM0lOlqnmjE99/kfpOYi/0Og==",
      "requires": {
        "dezalgo": "^1.0.4",
        "hexoid": "^1.0.0",
        "once": "^1.4.0"
      }
    },
    "hexoid": {
      "version": "1.0.0",
      "resolved": "https://registry.npmjs.org/hexoid/-/hexoid-1.0.0.tgz",
      "integrity": "sha512-QFLV0taWQOZtvIRIAdBChesmogZrtuXvVWsFHZTk2SU+anspqZ2vMnoLg7IE1+Uk16N19APic1BuF8bC8c2m5g=="
    },
    "node-fetch": {
      "version": "2.7.0",
      "resolved": "https://registry.npmjs.org/node-fetch/-/node-fetch-2.7.0.tgz",
      "integrity": "sha512-c4FRfUm/dbcWZ7U+1Wq0AwCyFL+3nt2bEw05wfxSz+DWpWsitgmSgYmy2dQdWyKC1694ELPqMs/YzUSNozLt8A==",
      "requires": {
        "whatwg-url": "^5.0.0"
      }
    },
    "nodemailer": {
      "version": "6.9.8",
      "resolved": "https://registry.npmjs.org/nodemailer/-/nodemailer-6.9.8.tgz",
      "integrity": "sha512-cfrYUk16e67Ks051i4CntM9kshRYei1/o/Gi8K1d+R34OIs21xdFnW7Pt7EucmVKA0LKtqUGNcjMZ7ehjl49mQ=="
    },
    "once": {
      "version": "1.4.0",
      "resolved": "https://registry.npmjs.org/once/-/once-1.4.0.tgz",
      "integrity": "sha512-lNaJgI+2Q5URQBkccEKHTQOPaXdUxnZZElQTZY0MFUAuaEqe1E+Nyvgdz/aIyNi6Z9MzO5dv1H8n58/GELp3+w==",
      "requires": {
        "wrappy": "1"
      }
    },
    "tr46": {
      "version": "0.0.3",
      "resolved": "https://registry.npmjs.org/tr46/-/tr46-0.0.3.tgz",
      "integrity": "sha512-N3WMsuqV66lT30CrXNbEjx4GEwlow3v6rr4mCcv6prnfwhS01rkgyFdjPNBYd9br7LpXV1+Emh01fHnq2Gdgrw=="
    },
    "upper-case": {
      "version": "3.0.0",
      "resolved": "https://registry.npmjs.org/upper-case/-/upper-case-3.0.0.tgz",
      "integrity": "sha512-q6ZAk+RaBO94GGFpdM6GJ2pOXx6Ky/BK9xluGUqMYvY6qZjFN7RPbzqcd+OBru8tRFlcLcS40AIrIq48VhcTIA=="
    },
    "webidl-conversions": {
      "version": "3.0.1",
      "resolved": "https://registry.npmjs.org/webidl-conversions/-/webidl-conversions-3.0.1.tgz",
      "integrity": "sha512-2JAn3z8AR6rjK8Sm8orRC0h/bcl/DqL7tRPdGZ4I1CjdF+EaMLmYxBHyXuKL849eucPFhvBoxMsflfOb8kxaeQ=="
    },
    "whatwg-url": {
      "version": "5.0.0",
      "resolved": "https://registry.npmjs.org/whatwg-url/-/whatwg-url-5.0.0.tgz",
      "integrity": "sha512-saE57nupxk6v3HY35+jzBwYa0rKSy0XR8JSxZPwgLr7ys0IBzhGviA1/TUGJLmSVqs8pb9AnvICXEuOHLprYTw==",
      "requires": {
        "tr46": "~0.0.3",
        "webidl-conversions": "^3.0.0"
      }
    },
    "wrappy": {
      "version": "1.0.2",
      "resolved": "https://registry.npmjs.org/wrappy/-/wrappy-1.0.2.tgz",
      "integrity": "sha512-l4Sp/DRseor9wL6EvV2+TuQn63dMkPjZ/sp9XkghTEbV9KlPS1xUsZ3u7/IQO4wxtcFB4bgpQPRcR3QCvezPcQ=="
    }
  }
}
